
Microsoft Visual Studio Solution File, Format Version 12.00
# Visual Studio Version 17
VisualStudioVersion = 17.7.34031.279
MinimumVisualStudioVersion = 10.0.40219.1
Project("{8BC9CEB8-8B4A-11D0-8D11-00A0C91BC942}") = "XY", "XY\XY.vcxproj", "{AD81D193-EAD3-40C9-A628-5C3C308C072A}"
EndProject
Project("{8BC9CEB8-8B4A-11D0-8D11-00A0C91BC942}") = "KM", "KM\KM.vcxproj", "{23E21D05-9AEA-4526-834C-84BB29C23A55}"
EndProject
Project("{8BC9CEB8-8B4A-11D0-8D11-00A0C91BC942}") = "NRKM", "NRKM\NRKM.vcxproj", "{AF6B9E57-9848-4707-B2A7-11E32FDBD551}"
EndProject
Project("{8BC9CEB8-8B4A-11D0-8D11-00A0C91BC942}") = "XY_MPI", "XY_MPI\XY_MPI.vcxproj", "{B43CAA01-3EE3-488F-BCC3-F265B7FC0276}"
EndProject
Global
	GlobalSection(SolutionConfigurationPlatforms) = preSolution
		Debug|x64 = Debug|x64
		Debug|x86 = Debug|x86
		Release|x64 = Release|x64
		Release|x86 = Release|x86
	EndGlobalSection
	GlobalSection(ProjectConfigurationPlatforms) = postSolution
		{AD81D193-EAD3-40C9-A628-5C3C308C072A}.Debug|x64.ActiveCfg = Debug|x64
		{AD81D193-EAD3-40C9-A628-5C3C308C072A}.Debug|x64.Build.0 = Debug|x64
		{AD81D193-EAD3-40C9-A628-5C3C308C072A}.Debug|x86.ActiveCfg = Debug|Win32
		{AD81D193-EAD3-40C9-A628-5C3C308C072A}.Debug|x86.Build.0 = Debug|Win32
		{AD81D193-EAD3-40C9-A628-5C3C308C072A}.Release|x64.ActiveCfg = Release|x64
		{AD81D193-EAD3-40C9-A628-5C3C308C072A}.Release|x64.Build.0 = Release|x64
		{AD81D193-EAD3-40C9-A628-5C3C308C072A}.Release|x86.ActiveCfg = Release|Win32
		{AD81D193-EAD3-40C9-A628-5C3C308C072A}.Release|x86.Build.0 = Release|Win32
		{23E21D05-9AEA-4526-834C-84BB29C23A55}.Debug|x64.ActiveCfg = Debug|x64
		{23E21D05-9AEA-4526-834C-84BB29C23A55}.Debug|x64.Build.0 = Debug|x64
		{23E21D05-9AEA-4526-834C-84BB29C23A55}.Debug|x86.ActiveCfg = Debug|Win32
		{23E21D05-9AEA-4526-834C-84BB29C23A55}.Debug|x86.Build.0 = Debug|Win32
		{23E21D05-9AEA-4526-834C-84BB29C23A55}.Release|x64.ActiveCfg = Release|x64
		{23E21D05-9AEA-4526-834C-84BB29C23A55}.Release|x64.Build.0 = Release|x64
		{23E21D05-9AEA-4526-834C-84BB29C23A55}.Release|x86.ActiveCfg = Release|Win32
		{23E21D05-9AEA-4526-834C-84BB29C23A55}.Release|x86.Build.0 = Release|Win32
		{AF6B9E57-9848-4707-B2A7-11E32FDBD551}.Debug|x64.ActiveCfg = Debug|x64
		{AF6B9E57-9848-4707-B2A7-11E32FDBD551}.Debug|x64.Build.0 = Debug|x64
		{AF6B9E57-9848-4707-B2A7-11E32FDBD551}.Debug|x86.ActiveCfg = Debug|Win32
		{AF6B9E57-9848-4707-B2A7-11E32FDBD551}.Debug|x86.Build.0 = Debug|Win32
		{AF6B9E57-9848-4707-B2A7-11E32FDBD551}.Release|x64.ActiveCfg = Release|x64
		{AF6B9E57-9848-4707-B2A7-11E32FDBD551}.Release|x64.Build.0 = Release|x64
		{AF6B9E57-9848-4707-B2A7-11E32FDBD551}.Release|x86.ActiveCfg = Release|Win32
		{AF6B9E57-9848-4707-B2A7-11E32FDBD551}.Release|x86.Build.0 = Release|Win32
		{B43CAA01-3EE3-488F-BCC3-F265B7FC0276}.Debug|x64.ActiveCfg = Debug|x64
		{B43CAA01-3EE3-488F-BCC3-F265B7FC0276}.Debug|x64.Build.0 = Debug|x64
		{B43CAA01-3EE3-488F-BCC3-F265B7FC0276}.Debug|x86.ActiveCfg = Debug|Win32
		{B43CAA01-3EE3-488F-BCC3-F265B7FC0276}.Debug|x86.Build.0 = Debug|Win32
		{B43CAA01-3EE3-488F-BCC3-F265B7FC0276}.Release|x64.ActiveCfg = Release|x64
		{B43CAA01-3EE3-488F-BCC3-F265B7FC0276}.Release|x64.Build.0 = Release|x64
		{B43CAA01-3EE3-488F-BCC3-F265B7FC0276}.Release|x86.ActiveCfg = Release|Win32
		{B43CAA01-3EE3-488F-BCC3-F265B7FC0276}.Release|x86.Build.0 = Release|Win32
	EndGlobalSection
	GlobalSection(SolutionProperties) = preSolution
		HideSolutionNode = FALSE
	EndGlobalSection
	GlobalSection(ExtensibilityGlobals) = postSolution
		SolutionGuid = {31F6B1B5-0589-447A-A9E5-E0BBAEBF4DD0}
	EndGlobalSection
EndGlobal
